code.cloudfoundry.org/bytefmt v0.0.0-20200131002437-cf55d5288a48 h1:/EMHruHCFXR9xClkGV/t0rmHrdhX4+trQUcBqjwc9xE=
code.cloudfoundry.org/bytefmt v0.0.0-20200131002437-cf55d5288a48/go.mod h1:wN/zk7mhREp/oviagqUXY3EwuHhWyOvAdsn5Y4CzOrc=
github.com/cenkalti/backoff/v4 v4.1.3 h1:cFAlzYUlVYDysBEH2T5hyJZMh3+5+WCBvSnK6Q8UtC4=
github.com/cenkalti/backoff/v4 v4.1.3/go.mod h1:scbssz8iZGpm3xbr14ovlUdkxfGXNInqkPWOWmG2CLw=
github.com/davecgh/go-spew v1.1.0 h1:ZDRjVQ15GmhC3fiQ8ni8+OwkZQO4DARzQgrnXU1Liz8=
github.com/davecgh/go-spew v1.1.0/go.mod h1:J7Y8YcW2NihsgmVo/mv3lAwl/skON4iLHjSsI+c5H38=
github.com/elastic/elastic-transport-go/v8 v8.1.0 h1:NeqEz1ty4RQz+TVbUrpSU7pZ48XkzGWQj02k5koahIE=
github.com/elastic/elastic-transport-go/v8 v8.1.0/go.mod h1:87Tcz8IVNe6rVSLdBux1o/PEItLtyabHU3naC7IoqKI=
github.com/elastic/go-elasticsearch/v8 v8.4.0 h1:Rn1mcqaIMcNT43hnx2H62cIFZ+B6mjWtzj85BDKrvCE=
github.com/elastic/go-elasticsearch/v8 v8.4.0/go.mod h1:yY52i2Vj0unLz+N3Nwx1gM5LXwoj3h2dgptNGBYkMLA=
github.com/garyburd/redigo v1.6.2 h1:yE/pwKCrbLpLpQICzYTeZ7JsTA/C53wFTJHaEtRqniM=
github.com/garyburd/redigo v1.6.2/go.mod h1:NR3MbYisc3/PwhQ00EMzDiPmrwpPxAn5GI05/YaO1SY=
github.com/pmezard/go-difflib v1.0.0 h1:4DBwDE0NGyQoBHbLQYPwSUPoCMWR5BEzIk/f1lZbAQM=
github.com/pmezard/go-difflib v1.0.0/go.mod h1:iKH77koFhYxTK1pcRnkKkqfTogsbg7gZNVY4sRDYZ/4=
github.com/stretchr/objx v0.1.0/go.mod h1:HFkY916IF+rwdDfMAkV7OtwuqBVzrE8GR6GFx+wExME=
github.com/stretchr/testify v1.7.0 h1:nwc3DEeHmmLAfoZucVR881uASk0Mfjw8xYJ99tb5CcY=
github.com/stretchr/testify v1.7.0/go.mod h1:6Fq8oRcR53rry900zMqJjRRixrwX3KX962/h/Wwjteg=
github.com/vanng822/go-solr v0.10.0 h1:oygAxyFL2apSN8vddxDXoyho40z66Guu9nwH7ANr6wM=
github.com/vanng822/go-solr v0.10.0/go.mod h1:FSglzTPzoNVKTXP+SqEQiiz284cKzcKpeRXmwPa81wc=
golang.org/x/exp v0.0.0-20220916125017-b168a2c6b86b h1:SCE/18RnFsLrjydh/R/s5EVvHoZprqEQUuoxK8q2Pc4=
golang.org/x/exp v0.0.0-20220916125017-b168a2c6b86b/go.mod h1:cyybsKvd6eL0RnXn6p/Grxp8F5bW7iYuBgsNCOHpMYE=
gopkg.in/check.v1 v0.0.0-20161208181325-20d25e280405 h1:yhCVgyC4o1eVCa2tZl7eS0r+SDo693bJlVdllGtEeKM=
gopkg.in/check.v1 v0.0.0-20161208181325-20d25e280405/go.mod h1:Co6ibVJAznAaIkqp8huTwlJQCZ016jof/cbN4VW5Yz0=
gopkg.in/yaml.v3 v3.0.0-20200313102051-9f266ea9e77c h1:dUUwHk2QECo/6vqA44rthZ8ie2QXMNeKRTHCNY2nXvo=
gopkg.in/yaml.v3 v3.0.0-20200313102051-9f266ea9e77c/go.mod h1:K4uyk7z7BCEPqu6E+C64Yfv1cQ7kz7rIZviUmN+EgEM=
